// !$*UTF8*$!
{
	archiveVersion = 1;
	classes = {
	};
	objectVersion = 46;
	objects = {

/* Begin PBXBuildFile section */
		56ADA50A15510F0B0071461C /* UIKit.framework in Frameworks */ = {isa = PBXBuildFile; fileRef = 56ADA50915510F0B0071461C /* UIKit.framework */; };
		56ADA50C15510F0B0071461C /* Foundation.framework in Frameworks */ = {isa = PBXBuildFile; fileRef = 56ADA50B15510F0B0071461C /* Foundation.framework */; };
		56ADA50E15510F0B0071461C /* CoreGraphics.framework in Frameworks */ = {isa = PBXBuildFile; fileRef = 56ADA50D15510F0B0071461C /* CoreGraphics.framework */; };
		56ADA51415510F0B0071461C /* InfoPlist.strings in Resources */ = {isa = PBXBuildFile; fileRef = 56ADA51215510F0B0071461C /* InfoPlist.strings */; };
		56ADA51615510F0B0071461C /* main.m in Sources */ = {isa = PBXBuildFile; fileRef = 56ADA51515510F0B0071461C /* main.m */; };
		56ADA51A15510F0B0071461C /* SBAppDelegate.m in Sources */ = {isa = PBXBuildFile; fileRef = 56ADA51915510F0B0071461C /* SBAppDelegate.m */; };
		56ADA52815510F0C0071461C /* SenTestingKit.framework in Frameworks */ = {isa = PBXBuildFile; fileRef = 56ADA52715510F0C0071461C /* SenTestingKit.framework */; };
		56ADA52915510F0C0071461C /* UIKit.framework in Frameworks */ = {isa = PBXBuildFile; fileRef = 56ADA50915510F0B0071461C /* UIKit.framework */; };
		56ADA52A15510F0C0071461C /* Foundation.framework in Frameworks */ = {isa = PBXBuildFile; fileRef = 56ADA50B15510F0B0071461C /* Foundation.framework */; };
		56ADA53215510F0C0071461C /* InfoPlist.strings in Resources */ = {isa = PBXBuildFile; fileRef = 56ADA53015510F0C0071461C /* InfoPlist.strings */; };
		56ADA53515510F0C0071461C /* SeabattleTests.m in Sources */ = {isa = PBXBuildFile; fileRef = 56ADA53415510F0C0071461C /* SeabattleTests.m */; };
		56C82C531568FB8E0037281D /* SBFullUpdateCommand.m in Sources */ = {isa = PBXBuildFile; fileRef = 56C82C521568FB8E0037281D /* SBFullUpdateCommand.m */; };
		56C82C541568FB8E0037281D /* SBFullUpdateCommand.m in Sources */ = {isa = PBXBuildFile; fileRef = 56C82C521568FB8E0037281D /* SBFullUpdateCommand.m */; };
		56C82C581568FC9E0037281D /* SBPartialUpdate.m in Sources */ = {isa = PBXBuildFile; fileRef = 56C82C571568FC9E0037281D /* SBPartialUpdate.m */; };
		56C82C591568FC9E0037281D /* SBPartialUpdate.m in Sources */ = {isa = PBXBuildFile; fileRef = 56C82C571568FC9E0037281D /* SBPartialUpdate.m */; };
		56C82C5C1568FDAB0037281D /* SBPlayerReadyCommand.m in Sources */ = {isa = PBXBuildFile; fileRef = 56C82C5B1568FDAB0037281D /* SBPlayerReadyCommand.m */; };
		56C82C5D1568FDAB0037281D /* SBPlayerReadyCommand.m in Sources */ = {isa = PBXBuildFile; fileRef = 56C82C5B1568FDAB0037281D /* SBPlayerReadyCommand.m */; };
		56C82C601568FE8A0037281D /* SBErrorCommand.m in Sources */ = {isa = PBXBuildFile; fileRef = 56C82C5F1568FE8A0037281D /* SBErrorCommand.m */; };
		56C82C611568FE8A0037281D /* SBErrorCommand.m in Sources */ = {isa = PBXBuildFile; fileRef = 56C82C5F1568FE8A0037281D /* SBErrorCommand.m */; };
		56C82C681568FFD40037281D /* SBRenewGameFieldCommand.m in Sources */ = {isa = PBXBuildFile; fileRef = 56C82C671568FFD40037281D /* SBRenewGameFieldCommand.m */; };
		56C82C691568FFD40037281D /* SBRenewGameFieldCommand.m in Sources */ = {isa = PBXBuildFile; fileRef = 56C82C671568FFD40037281D /* SBRenewGameFieldCommand.m */; };
		56C82C6C1569005C0037281D /* SBReadyCommand.m in Sources */ = {isa = PBXBuildFile; fileRef = 56C82C6B1569005C0037281D /* SBReadyCommand.m */; };
		56C82C6D1569005C0037281D /* SBReadyCommand.m in Sources */ = {isa = PBXBuildFile; fileRef = 56C82C6B1569005C0037281D /* SBReadyCommand.m */; };
		56C82C70156901970037281D /* SBPlayerShoot.m in Sources */ = {isa = PBXBuildFile; fileRef = 56C82C6F156901970037281D /* SBPlayerShoot.m */; };
		56C82C71156901970037281D /* SBPlayerShoot.m in Sources */ = {isa = PBXBuildFile; fileRef = 56C82C6F156901970037281D /* SBPlayerShoot.m */; };
		56C82C7415690C240037281D /* SBWinCommand.m in Sources */ = {isa = PBXBuildFile; fileRef = 56C82C7315690C230037281D /* SBWinCommand.m */; };
		56C82C7515690C240037281D /* SBWinCommand.m in Sources */ = {isa = PBXBuildFile; fileRef = 56C82C7315690C230037281D /* SBWinCommand.m */; };
		56C82C7815690DF70037281D /* SBDisconnectCommand.m in Sources */ = {isa = PBXBuildFile; fileRef = 56C82C7715690DF70037281D /* SBDisconnectCommand.m */; };
		56C82C7915690DF70037281D /* SBDisconnectCommand.m in Sources */ = {isa = PBXBuildFile; fileRef = 56C82C7715690DF70037281D /* SBDisconnectCommand.m */; };
		56C82C7C156912490037281D /* SBPlayerFound.m in Sources */ = {isa = PBXBuildFile; fileRef = 56C82C7B156912480037281D /* SBPlayerFound.m */; };
		56C82C7D156912490037281D /* SBPlayerFound.m in Sources */ = {isa = PBXBuildFile; fileRef = 56C82C7B156912480037281D /* SBPlayerFound.m */; };
		56C82C8115692C8D0037281D /* SBGameViewController.m in Sources */ = {isa = PBXBuildFile; fileRef = 56C82C7F15692C8D0037281D /* SBGameViewController.m */; };
		56C82C8215692C8D0037281D /* SBGameViewController.m in Sources */ = {isa = PBXBuildFile; fileRef = 56C82C7F15692C8D0037281D /* SBGameViewController.m */; };
		56C82C8315692C8D0037281D /* SBGameViewController.xib in Resources */ = {isa = PBXBuildFile; fileRef = 56C82C8015692C8D0037281D /* SBGameViewController.xib */; };
		56C82C8415692C8D0037281D /* SBGameViewController.xib in Resources */ = {isa = PBXBuildFile; fileRef = 56C82C8015692C8D0037281D /* SBGameViewController.xib */; };
		56C82C8815692DF90037281D /* SBGameSetupViewController.m in Sources */ = {isa = PBXBuildFile; fileRef = 56C82C8615692DF90037281D /* SBGameSetupViewController.m */; };
		56C82C8915692DF90037281D /* SBGameSetupViewController.m in Sources */ = {isa = PBXBuildFile; fileRef = 56C82C8615692DF90037281D /* SBGameSetupViewController.m */; };
		56C82C8A15692DF90037281D /* SBGameSetupViewController.xib in Resources */ = {isa = PBXBuildFile; fileRef = 56C82C8715692DF90037281D /* SBGameSetupViewController.xib */; };
		56C82C8B15692DF90037281D /* SBGameSetupViewController.xib in Resources */ = {isa = PBXBuildFile; fileRef = 56C82C8715692DF90037281D /* SBGameSetupViewController.xib */; };
		56C82C9515692F940037281D /* QuartzCore.framework in Frameworks */ = {isa = PBXBuildFile; fileRef = 56C82C9415692F940037281D /* QuartzCore.framework */; };
		56C82C98156939D50037281D /* SBGameFieldView.m in Sources */ = {isa = PBXBuildFile; fileRef = 56C82C97156939D50037281D /* SBGameFieldView.m */; };
		56C82C99156939D50037281D /* SBGameFieldView.m in Sources */ = {isa = PBXBuildFile; fileRef = 56C82C97156939D50037281D /* SBGameFieldView.m */; };
		56DE075715611FF4006DD960 /* SBQueueViewController.m in Sources */ = {isa = PBXBuildFile; fileRef = 56DE075215611FF4006DD960 /* SBQueueViewController.m */; };
		56DE075815611FF4006DD960 /* SBQueueViewController.m in Sources */ = {isa = PBXBuildFile; fileRef = 56DE075215611FF4006DD960 /* SBQueueViewController.m */; };
		56DE075915611FF4006DD960 /* SBQueueViewController.xib in Resources */ = {isa = PBXBuildFile; fileRef = 56DE075315611FF4006DD960 /* SBQueueViewController.xib */; };
		56DE075A15611FF4006DD960 /* SBQueueViewController.xib in Resources */ = {isa = PBXBuildFile; fileRef = 56DE075315611FF4006DD960 /* SBQueueViewController.xib */; };
		56DE075B15611FF4006DD960 /* SBViewController.m in Sources */ = {isa = PBXBuildFile; fileRef = 56DE075515611FF4006DD960 /* SBViewController.m */; };
		56DE075C15611FF4006DD960 /* SBViewController.m in Sources */ = {isa = PBXBuildFile; fileRef = 56DE075515611FF4006DD960 /* SBViewController.m */; };
		56DE075D15611FF4006DD960 /* SBViewController.xib in Resources */ = {isa = PBXBuildFile; fileRef = 56DE075615611FF4006DD960 /* SBViewController.xib */; };
		56DE075E15611FF4006DD960 /* SBViewController.xib in Resources */ = {isa = PBXBuildFile; fileRef = 56DE075615611FF4006DD960 /* SBViewController.xib */; };
		56DE076115612000006DD960 /* SBPlayer.m in Sources */ = {isa = PBXBuildFile; fileRef = 56DE076015612000006DD960 /* SBPlayer.m */; };
		56DE076215612000006DD960 /* SBPlayer.m in Sources */ = {isa = PBXBuildFile; fileRef = 56DE076015612000006DD960 /* SBPlayer.m */; };
		56DE07661561200A006DD960 /* SBNetworkConnection.m in Sources */ = {isa = PBXBuildFile; fileRef = 56DE07651561200A006DD960 /* SBNetworkConnection.m */; };
		56DE07671561200A006DD960 /* SBNetworkConnection.m in Sources */ = {isa = PBXBuildFile; fileRef = 56DE07651561200A006DD960 /* SBNetworkConnection.m */; };
		56DE0776156129F6006DD960 /* SBGame.m in Sources */ = {isa = PBXBuildFile; fileRef = 56DE0775156129F6006DD960 /* SBGame.m */; };
		56DE0777156129F6006DD960 /* SBGame.m in Sources */ = {isa = PBXBuildFile; fileRef = 56DE0775156129F6006DD960 /* SBGame.m */; };
		56DE077C15612A02006DD960 /* SBPlayerCommand.m in Sources */ = {isa = PBXBuildFile; fileRef = 56DE077915612A02006DD960 /* SBPlayerCommand.m */; };
		56DE077D15612A02006DD960 /* SBPlayerCommand.m in Sources */ = {isa = PBXBuildFile; fileRef = 56DE077915612A02006DD960 /* SBPlayerCommand.m */; };
		56DE077E15612A02006DD960 /* SBUpdateNameCommand.m in Sources */ = {isa = PBXBuildFile; fileRef = 56DE077B15612A02006DD960 /* SBUpdateNameCommand.m */; };
		56DE077F15612A02006DD960 /* SBUpdateNameCommand.m in Sources */ = {isa = PBXBuildFile; fileRef = 56DE077B15612A02006DD960 /* SBUpdateNameCommand.m */; };
		56DE078215612F6F006DD960 /* SBServerCommand.m in Sources */ = {isa = PBXBuildFile; fileRef = 56DE078115612F6F006DD960 /* SBServerCommand.m */; };
		56DE078315612F6F006DD960 /* SBServerCommand.m in Sources */ = {isa = PBXBuildFile; fileRef = 56DE078115612F6F006DD960 /* SBServerCommand.m */; };
		56DE078615613151006DD960 /* SBServerSettingsCommand.m in Sources */ = {isa = PBXBuildFile; fileRef = 56DE078515613151006DD960 /* SBServerSettingsCommand.m */; };
		56DE078715613151006DD960 /* SBServerSettingsCommand.m in Sources */ = {isa = PBXBuildFile; fileRef = 56DE078515613151006DD960 /* SBServerSettingsCommand.m */; };
		56DE078B1561745D006DD960 /* SBPlayField.m in Sources */ = {isa = PBXBuildFile; fileRef = 56DE078A1561745D006DD960 /* SBPlayField.m */; };
		56DE078C1561745D006DD960 /* SBPlayField.m in Sources */ = {isa = PBXBuildFile; fileRef = 56DE078A1561745D006DD960 /* SBPlayField.m */; };
		56E348941573DAAB0038070F /* Localizable.strings in Resources */ = {isa = PBXBuildFile; fileRef = 56E348971573DAAB0038070F /* Localizable.strings */; };
		56E348951573DAAB0038070F /* Localizable.strings in Resources */ = {isa = PBXBuildFile; fileRef = 56E348971573DAAB0038070F /* Localizable.strings */; };
		56E3489F1573DCFB0038070F /* SBKeepAliveCommand.m in Sources */ = {isa = PBXBuildFile; fileRef = 56E3489E1573DCFB0038070F /* SBKeepAliveCommand.m */; };
		74762F4F1574273300B88E68 /* SBPreferencesViewController.m in Sources */ = {isa = PBXBuildFile; fileRef = 74762F4D1574273200B88E68 /* SBPreferencesViewController.m */; };
		74762F501574273300B88E68 /* SBPreferencesViewController.xib in Resources */ = {isa = PBXBuildFile; fileRef = 74762F4E1574273300B88E68 /* SBPreferencesViewController.xib */; };
/* End PBXBuildFile section */

/* Begin PBXContainerItemProxy section */
		56ADA52B15510F0C0071461C /* PBXContainerItemProxy */ = {
			isa = PBXContainerItemProxy;
			containerPortal = 56ADA4FC15510F0B0071461C /* Project object */;
			proxyType = 1;
			remoteGlobalIDString = 56ADA50415510F0B0071461C;
			remoteInfo = Seabattle;
		};
/* End PBXContainerItemProxy section */

/* Begin PBXFileReference section */
		56ADA50515510F0B0071461C /* Seabattle.app */ = {isa = PBXFileReference; explicitFileType = wrapper.application; includeInIndex = 0; path = Seabattle.app; sourceTree = BUILT_PRODUCTS_DIR; };
		56ADA50915510F0B0071461C /* UIKit.framework */ = {isa = PBXFileReference; lastKnownFileType = wrapper.framework; name = UIKit.framework; path = System/Library/Frameworks/UIKit.framework; sourceTree = SDKROOT; };
		56ADA50B15510F0B0071461C /* Foundation.framework */ = {isa = PBXFileReference; lastKnownFileType = wrapper.framework; name = Foundation.framework; path = System/Library/Frameworks/Foundation.framework; sourceTree = SDKROOT; };
		56ADA50D15510F0B0071461C /* CoreGraphics.framework */ = {isa = PBXFileReference; lastKnownFileType = wrapper.framework; name = CoreGraphics.framework; path = System/Library/Frameworks/CoreGraphics.framework; sourceTree = SDKROOT; };
		56ADA51115510F0B0071461C /* Seabattle-Info.plist */ = {isa = PBXFileReference; lastKnownFileType = text.plist.xml; path = "Seabattle-Info.plist"; sourceTree = "<group>"; };
		56ADA51315510F0B0071461C /* en */ = {isa = PBXFileReference; lastKnownFileType = text.plist.strings; name = en; path = en.lproj/InfoPlist.strings; sourceTree = "<group>"; };
		56ADA51515510F0B0071461C /* main.m */ = {isa = PBXFileReference; lastKnownFileType = sourcecode.c.objc; path = main.m; sourceTree = "<group>"; };
		56ADA51715510F0B0071461C /* Seabattle-Prefix.pch */ = {isa = PBXFileReference; lastKnownFileType = sourcecode.c.h; path = "Seabattle-Prefix.pch"; sourceTree = "<group>"; };
		56ADA51815510F0B0071461C /* SBAppDelegate.h */ = {isa = PBXFileReference; lastKnownFileType = sourcecode.c.h; path = SBAppDelegate.h; sourceTree = "<group>"; };
		56ADA51915510F0B0071461C /* SBAppDelegate.m */ = {isa = PBXFileReference; lastKnownFileType = sourcecode.c.objc; path = SBAppDelegate.m; sourceTree = "<group>"; };
		56ADA52615510F0C0071461C /* SeabattleTests.octest */ = {isa = PBXFileReference; explicitFileType = wrapper.cfbundle; includeInIndex = 0; path = SeabattleTests.octest; sourceTree = BUILT_PRODUCTS_DIR; };
		56ADA52715510F0C0071461C /* SenTestingKit.framework */ = {isa = PBXFileReference; lastKnownFileType = wrapper.framework; name = SenTestingKit.framework; path = Library/Frameworks/SenTestingKit.framework; sourceTree = DEVELOPER_DIR; };
		56ADA52F15510F0C0071461C /* SeabattleTests-Info.plist */ = {isa = PBXFileReference; lastKnownFileType = text.plist.xml; path = "SeabattleTests-Info.plist"; sourceTree = "<group>"; };
		56ADA53115510F0C0071461C /* en */ = {isa = PBXFileReference; lastKnownFileType = text.plist.strings; name = en; path = en.lproj/InfoPlist.strings; sourceTree = "<group>"; };
		56ADA53315510F0C0071461C /* SeabattleTests.h */ = {isa = PBXFileReference; lastKnownFileType = sourcecode.c.h; path = SeabattleTests.h; sourceTree = "<group>"; };
		56ADA53415510F0C0071461C /* SeabattleTests.m */ = {isa = PBXFileReference; lastKnownFileType = sourcecode.c.objc; path = SeabattleTests.m; sourceTree = "<group>"; };
		56C82C511568FB8E0037281D /* SBFullUpdateCommand.h */ = {isa = PBXFileReference; fileEncoding = 4; lastKnownFileType = sourcecode.c.h; path = SBFullUpdateCommand.h; sourceTree = "<group>"; };
		56C82C521568FB8E0037281D /* SBFullUpdateCommand.m */ = {isa = PBXFileReference; fileEncoding = 4; lastKnownFileType = sourcecode.c.objc; path = SBFullUpdateCommand.m; sourceTree = "<group>"; };
		56C82C561568FC9E0037281D /* SBPartialUpdate.h */ = {isa = PBXFileReference; fileEncoding = 4; lastKnownFileType = sourcecode.c.h; path = SBPartialUpdate.h; sourceTree = "<group>"; };
		56C82C571568FC9E0037281D /* SBPartialUpdate.m */ = {isa = PBXFileReference; fileEncoding = 4; lastKnownFileType = sourcecode.c.objc; path = SBPartialUpdate.m; sourceTree = "<group>"; };
		56C82C5A1568FDAB0037281D /* SBPlayerReadyCommand.h */ = {isa = PBXFileReference; fileEncoding = 4; lastKnownFileType = sourcecode.c.h; path = SBPlayerReadyCommand.h; sourceTree = "<group>"; };
		56C82C5B1568FDAB0037281D /* SBPlayerReadyCommand.m */ = {isa = PBXFileReference; fileEncoding = 4; lastKnownFileType = sourcecode.c.objc; path = SBPlayerReadyCommand.m; sourceTree = "<group>"; };
		56C82C5E1568FE8A0037281D /* SBErrorCommand.h */ = {isa = PBXFileReference; fileEncoding = 4; lastKnownFileType = sourcecode.c.h; name = SBErrorCommand.h; path = Commands/SBErrorCommand.h; sourceTree = "<group>"; };
		56C82C5F1568FE8A0037281D /* SBErrorCommand.m */ = {isa = PBXFileReference; fileEncoding = 4; lastKnownFileType = sourcecode.c.objc; name = SBErrorCommand.m; path = Commands/SBErrorCommand.m; sourceTree = "<group>"; };
		56C82C661568FFD40037281D /* SBRenewGameFieldCommand.h */ = {isa = PBXFileReference; fileEncoding = 4; lastKnownFileType = sourcecode.c.h; name = SBRenewGameFieldCommand.h; path = Commands/SBRenewGameFieldCommand.h; sourceTree = "<group>"; };
		56C82C671568FFD40037281D /* SBRenewGameFieldCommand.m */ = {isa = PBXFileReference; fileEncoding = 4; lastKnownFileType = sourcecode.c.objc; name = SBRenewGameFieldCommand.m; path = Commands/SBRenewGameFieldCommand.m; sourceTree = "<group>"; };
		56C82C6A1569005C0037281D /* SBReadyCommand.h */ = {isa = PBXFileReference; fileEncoding = 4; lastKnownFileType = sourcecode.c.h; name = SBReadyCommand.h; path = Commands/SBReadyCommand.h; sourceTree = "<group>"; };
		56C82C6B1569005C0037281D /* SBReadyCommand.m */ = {isa = PBXFileReference; fileEncoding = 4; lastKnownFileType = sourcecode.c.objc; name = SBReadyCommand.m; path = Commands/SBReadyCommand.m; sourceTree = "<group>"; };
		56C82C6E156901960037281D /* SBPlayerShoot.h */ = {isa = PBXFileReference; fileEncoding = 4; lastKnownFileType = sourcecode.c.h; path = SBPlayerShoot.h; sourceTree = "<group>"; };
		56C82C6F156901970037281D /* SBPlayerShoot.m */ = {isa = PBXFileReference; fileEncoding = 4; lastKnownFileType = sourcecode.c.objc; path = SBPlayerShoot.m; sourceTree = "<group>"; };
		56C82C7215690C230037281D /* SBWinCommand.h */ = {isa = PBXFileReference; fileEncoding = 4; lastKnownFileType = sourcecode.c.h; name = SBWinCommand.h; path = Commands/SBWinCommand.h; sourceTree = "<group>"; };
		56C82C7315690C230037281D /* SBWinCommand.m */ = {isa = PBXFileReference; fileEncoding = 4; lastKnownFileType = sourcecode.c.objc; name = SBWinCommand.m; path = Commands/SBWinCommand.m; sourceTree = "<group>"; };
		56C82C7615690DF70037281D /* SBDisconnectCommand.h */ = {isa = PBXFileReference; fileEncoding = 4; lastKnownFileType = sourcecode.c.h; name = SBDisconnectCommand.h; path = Commands/SBDisconnectCommand.h; sourceTree = "<group>"; };
		56C82C7715690DF70037281D /* SBDisconnectCommand.m */ = {isa = PBXFileReference; fileEncoding = 4; lastKnownFileType = sourcecode.c.objc; name = SBDisconnectCommand.m; path = Commands/SBDisconnectCommand.m; sourceTree = "<group>"; };
		56C82C7A156912480037281D /* SBPlayerFound.h */ = {isa = PBXFileReference; fileEncoding = 4; lastKnownFileType = sourcecode.c.h; name = SBPlayerFound.h; path = Commands/SBPlayerFound.h; sourceTree = "<group>"; };
		56C82C7B156912480037281D /* SBPlayerFound.m */ = {isa = PBXFileReference; fileEncoding = 4; lastKnownFileType = sourcecode.c.objc; name = SBPlayerFound.m; path = Commands/SBPlayerFound.m; sourceTree = "<group>"; };
		56C82C7E15692C8D0037281D /* SBGameViewController.h */ = {isa = PBXFileReference; fileEncoding = 4; lastKnownFileType = sourcecode.c.h; name = SBGameViewController.h; path = ViewControllers/SBGameViewController.h; sourceTree = "<group>"; };
		56C82C7F15692C8D0037281D /* SBGameViewController.m */ = {isa = PBXFileReference; fileEncoding = 4; lastKnownFileType = sourcecode.c.objc; name = SBGameViewController.m; path = ViewControllers/SBGameViewController.m; sourceTree = "<group>"; };
		56C82C8015692C8D0037281D /* SBGameViewController.xib */ = {isa = PBXFileReference; fileEncoding = 4; lastKnownFileType = file.xib; name = SBGameViewController.xib; path = ViewControllers/SBGameViewController.xib; sourceTree = "<group>"; };
		56C82C8515692DF90037281D /* SBGameSetupViewController.h */ = {isa = PBXFileReference; fileEncoding = 4; lastKnownFileType = sourcecode.c.h; name = SBGameSetupViewController.h; path = ViewControllers/SBGameSetupViewController.h; sourceTree = "<group>"; };
		56C82C8615692DF90037281D /* SBGameSetupViewController.m */ = {isa = PBXFileReference; fileEncoding = 4; lastKnownFileType = sourcecode.c.objc; name = SBGameSetupViewController.m; path = ViewControllers/SBGameSetupViewController.m; sourceTree = "<group>"; };
		56C82C8715692DF90037281D /* SBGameSetupViewController.xib */ = {isa = PBXFileReference; fileEncoding = 4; lastKnownFileType = file.xib; name = SBGameSetupViewController.xib; path = ViewControllers/SBGameSetupViewController.xib; sourceTree = "<group>"; };
		56C82C9415692F940037281D /* QuartzCore.framework */ = {isa = PBXFileReference; lastKnownFileType = wrapper.framework; name = QuartzCore.framework; path = System/Library/Frameworks/QuartzCore.framework; sourceTree = SDKROOT; };
		56C82C96156939D40037281D /* SBGameFieldView.h */ = {isa = PBXFileReference; fileEncoding = 4; lastKnownFileType = sourcecode.c.h; path = SBGameFieldView.h; sourceTree = "<group>"; };
		56C82C97156939D50037281D /* SBGameFieldView.m */ = {isa = PBXFileReference; fileEncoding = 4; lastKnownFileType = sourcecode.c.objc; path = SBGameFieldView.m; sourceTree = "<group>"; };
		56DE075115611FF4006DD960 /* SBQueueViewController.h */ = {isa = PBXFileReference; fileEncoding = 4; lastKnownFileType = sourcecode.c.h; name = SBQueueViewController.h; path = ViewControllers/SBQueueViewController.h; sourceTree = "<group>"; };
		56DE075215611FF4006DD960 /* SBQueueViewController.m */ = {isa = PBXFileReference; fileEncoding = 4; lastKnownFileType = sourcecode.c.objc; name = SBQueueViewController.m; path = ViewControllers/SBQueueViewController.m; sourceTree = "<group>"; };
		56DE075315611FF4006DD960 /* SBQueueViewController.xib */ = {isa = PBXFileReference; fileEncoding = 4; lastKnownFileType = file.xib; name = SBQueueViewController.xib; path = ViewControllers/SBQueueViewController.xib; sourceTree = "<group>"; };
		56DE075415611FF4006DD960 /* SBViewController.h */ = {isa = PBXFileReference; fileEncoding = 4; lastKnownFileType = sourcecode.c.h; name = SBViewController.h; path = ViewControllers/SBViewController.h; sourceTree = "<group>"; };
		56DE075515611FF4006DD960 /* SBViewController.m */ = {isa = PBXFileReference; fileEncoding = 4; lastKnownFileType = sourcecode.c.objc; name = SBViewController.m; path = ViewControllers/SBViewController.m; sourceTree = "<group>"; };
		56DE075615611FF4006DD960 /* SBViewController.xib */ = {isa = PBXFileReference; fileEncoding = 4; lastKnownFileType = file.xib; name = SBViewController.xib; path = ViewControllers/SBViewController.xib; sourceTree = "<group>"; };
		56DE075F15612000006DD960 /* SBPlayer.h */ = {isa = PBXFileReference; fileEncoding = 4; lastKnownFileType = sourcecode.c.h; name = SBPlayer.h; path = Models/SBPlayer.h; sourceTree = "<group>"; };
		56DE076015612000006DD960 /* SBPlayer.m */ = {isa = PBXFileReference; fileEncoding = 4; lastKnownFileType = sourcecode.c.objc; name = SBPlayer.m; path = Models/SBPlayer.m; sourceTree = "<group>"; };
		56DE07631561200A006DD960 /* SBCommand.h */ = {isa = PBXFileReference; fileEncoding = 4; lastKnownFileType = sourcecode.c.h; name = SBCommand.h; path = Commands/SBCommand.h; sourceTree = "<group>"; };
		56DE07641561200A006DD960 /* SBNetworkConnection.h */ = {isa = PBXFileReference; fileEncoding = 4; lastKnownFileType = sourcecode.c.h; name = SBNetworkConnection.h; path = Commands/SBNetworkConnection.h; sourceTree = "<group>"; };
		56DE07651561200A006DD960 /* SBNetworkConnection.m */ = {isa = PBXFileReference; fileEncoding = 4; lastKnownFileType = sourcecode.c.objc; name = SBNetworkConnection.m; path = Commands/SBNetworkConnection.m; sourceTree = "<group>"; };
		56DE0774156129F6006DD960 /* SBGame.h */ = {isa = PBXFileReference; fileEncoding = 4; lastKnownFileType = sourcecode.c.h; name = SBGame.h; path = Models/SBGame.h; sourceTree = "<group>"; };
		56DE0775156129F6006DD960 /* SBGame.m */ = {isa = PBXFileReference; fileEncoding = 4; lastKnownFileType = sourcecode.c.objc; name = SBGame.m; path = Models/SBGame.m; sourceTree = "<group>"; };
		56DE077815612A02006DD960 /* SBPlayerCommand.h */ = {isa = PBXFileReference; fileEncoding = 4; lastKnownFileType = sourcecode.c.h; name = SBPlayerCommand.h; path = Commands/SBPlayerCommand.h; sourceTree = "<group>"; };
		56DE077915612A02006DD960 /* SBPlayerCommand.m */ = {isa = PBXFileReference; fileEncoding = 4; lastKnownFileType = sourcecode.c.objc; name = SBPlayerCommand.m; path = Commands/SBPlayerCommand.m; sourceTree = "<group>"; };
		56DE077A15612A02006DD960 /* SBUpdateNameCommand.h */ = {isa = PBXFileReference; fileEncoding = 4; lastKnownFileType = sourcecode.c.h; name = SBUpdateNameCommand.h; path = Commands/SBUpdateNameCommand.h; sourceTree = "<group>"; };
		56DE077B15612A02006DD960 /* SBUpdateNameCommand.m */ = {isa = PBXFileReference; fileEncoding = 4; lastKnownFileType = sourcecode.c.objc; name = SBUpdateNameCommand.m; path = Commands/SBUpdateNameCommand.m; sourceTree = "<group>"; };
		56DE078015612F6F006DD960 /* SBServerCommand.h */ = {isa = PBXFileReference; fileEncoding = 4; lastKnownFileType = sourcecode.c.h; name = SBServerCommand.h; path = Commands/SBServerCommand.h; sourceTree = "<group>"; };
		56DE078115612F6F006DD960 /* SBServerCommand.m */ = {isa = PBXFileReference; fileEncoding = 4; lastKnownFileType = sourcecode.c.objc; name = SBServerCommand.m; path = Commands/SBServerCommand.m; sourceTree = "<group>"; };
		56DE078415613151006DD960 /* SBServerSettingsCommand.h */ = {isa = PBXFileReference; fileEncoding = 4; lastKnownFileType = sourcecode.c.h; name = SBServerSettingsCommand.h; path = Commands/SBServerSettingsCommand.h; sourceTree = "<group>"; };
		56DE078515613151006DD960 /* SBServerSettingsCommand.m */ = {isa = PBXFileReference; fileEncoding = 4; lastKnownFileType = sourcecode.c.objc; name = SBServerSettingsCommand.m; path = Commands/SBServerSettingsCommand.m; sourceTree = "<group>"; };
		56DE0788156133BB006DD960 /* SBAllCommands.h */ = {isa = PBXFileReference; lastKnownFileType = sourcecode.c.h; path = SBAllCommands.h; sourceTree = "<group>"; };
		56DE07891561745D006DD960 /* SBPlayField.h */ = {isa = PBXFileReference; fileEncoding = 4; lastKnownFileType = sourcecode.c.h; name = SBPlayField.h; path = Models/SBPlayField.h; sourceTree = "<group>"; };
		56DE078A1561745D006DD960 /* SBPlayField.m */ = {isa = PBXFileReference; fileEncoding = 4; lastKnownFileType = sourcecode.c.objc; name = SBPlayField.m; path = Models/SBPlayField.m; sourceTree = "<group>"; };
		56E348961573DAAB0038070F /* en */ = {isa = PBXFileReference; lastKnownFileType = text.plist.strings; name = en; path = en.lproj/Localizable.strings; sourceTree = "<group>"; };
		56E348981573DAD80038070F /* de */ = {isa = PBXFileReference; lastKnownFileType = text.plist.strings; name = de; path = de.lproj/Localizable.strings; sourceTree = "<group>"; };
		56E3489D1573DCFB0038070F /* SBKeepAliveCommand.h */ = {isa = PBXFileReference; fileEncoding = 4; lastKnownFileType = sourcecode.c.h; name = SBKeepAliveCommand.h; path = Commands/SBKeepAliveCommand.h; sourceTree = "<group>"; };
		56E3489E1573DCFB0038070F /* SBKeepAliveCommand.m */ = {isa = PBXFileReference; fileEncoding = 4; lastKnownFileType = sourcecode.c.objc; name = SBKeepAliveCommand.m; path = Commands/SBKeepAliveCommand.m; sourceTree = "<group>"; };
		74762F4C1574273200B88E68 /* SBPreferencesViewController.h */ = {isa = PBXFileReference; fileEncoding = 4; lastKnownFileType = sourcecode.c.h; path = SBPreferencesViewController.h; sourceTree = "<group>"; };
		74762F4D1574273200B88E68 /* SBPreferencesViewController.m */ = {isa = PBXFileReference; fileEncoding = 4; lastKnownFileType = sourcecode.c.objc; path = SBPreferencesViewController.m; sourceTree = "<group>"; };
		74762F4E1574273300B88E68 /* SBPreferencesViewController.xib */ = {isa = PBXFileReference; fileEncoding = 4; lastKnownFileType = file.xib; path = SBPreferencesViewController.xib; sourceTree = "<group>"; };
/* End PBXFileReference section */

/* Begin PBXFrameworksBuildPhase section */
		56ADA50215510F0B0071461C /* Frameworks */ = {
			isa = PBXFrameworksBuildPhase;
			buildActionMask = 2147483647;
			files = (
				56C82C9515692F940037281D /* QuartzCore.framework in Frameworks */,
				56ADA50A15510F0B0071461C /* UIKit.framework in Frameworks */,
				56ADA50C15510F0B0071461C /* Foundation.framework in Frameworks */,
				56ADA50E15510F0B0071461C /* CoreGraphics.framework in Frameworks */,
			);
			runOnlyForDeploymentPostprocessing = 0;
		};
		56ADA52215510F0C0071461C /* Frameworks */ = {
			isa = PBXFrameworksBuildPhase;
			buildActionMask = 2147483647;
			files = (
				56ADA52815510F0C0071461C /* SenTestingKit.framework in Frameworks */,
				56ADA52915510F0C0071461C /* UIKit.framework in Frameworks */,
				56ADA52A15510F0C0071461C /* Foundation.framework in Frameworks */,
			);
			runOnlyForDeploymentPostprocessing = 0;
		};
/* End PBXFrameworksBuildPhase section */

/* Begin PBXGroup section */
		56ADA4FA15510F0B0071461C = {
			isa = PBXGroup;
			children = (
				56E348971573DAAB0038070F /* Localizable.strings */,
				56ADA50F15510F0B0071461C /* Seabattle */,
				56ADA52D15510F0C0071461C /* SeabattleTests */,
				56ADA50815510F0B0071461C /* Frameworks */,
				56ADA50615510F0B0071461C /* Products */,
			);
			sourceTree = "<group>";
		};
		56ADA50615510F0B0071461C /* Products */ = {
			isa = PBXGroup;
			children = (
				56ADA50515510F0B0071461C /* Seabattle.app */,
				56ADA52615510F0C0071461C /* SeabattleTests.octest */,
			);
			name = Products;
			sourceTree = "<group>";
		};
		56ADA50815510F0B0071461C /* Frameworks */ = {
			isa = PBXGroup;
			children = (
				56C82C9415692F940037281D /* QuartzCore.framework */,
				56ADA50915510F0B0071461C /* UIKit.framework */,
				56ADA50B15510F0B0071461C /* Foundation.framework */,
				56ADA50D15510F0B0071461C /* CoreGraphics.framework */,
				56ADA52715510F0C0071461C /* SenTestingKit.framework */,
			);
			name = Frameworks;
			sourceTree = "<group>";
		};
		56ADA50F15510F0B0071461C /* Seabattle */ = {
			isa = PBXGroup;
			children = (
				56DE075015611F5A006DD960 /* Models */,
				56DE074F15611F36006DD960 /* ViewController */,
				56DE073915610E77006DD960 /* Commands */,
				56ADA51815510F0B0071461C /* SBAppDelegate.h */,
				56ADA51915510F0B0071461C /* SBAppDelegate.m */,
				56ADA51015510F0B0071461C /* Supporting Files */,
			);
			path = Seabattle;
			sourceTree = "<group>";
		};
		56ADA51015510F0B0071461C /* Supporting Files */ = {
			isa = PBXGroup;
			children = (
				56ADA51115510F0B0071461C /* Seabattle-Info.plist */,
				56ADA51215510F0B0071461C /* InfoPlist.strings */,
				56ADA51515510F0B0071461C /* main.m */,
				56ADA51715510F0B0071461C /* Seabattle-Prefix.pch */,
			);
			name = "Supporting Files";
			sourceTree = "<group>";
		};
		56ADA52D15510F0C0071461C /* SeabattleTests */ = {
			isa = PBXGroup;
			children = (
				56ADA53315510F0C0071461C /* SeabattleTests.h */,
				56ADA53415510F0C0071461C /* SeabattleTests.m */,
				56ADA52E15510F0C0071461C /* Supporting Files */,
			);
			path = SeabattleTests;
			sourceTree = "<group>";
		};
		56ADA52E15510F0C0071461C /* Supporting Files */ = {
			isa = PBXGroup;
			children = (
				56ADA52F15510F0C0071461C /* SeabattleTests-Info.plist */,
				56ADA53015510F0C0071461C /* InfoPlist.strings */,
			);
			name = "Supporting Files";
			sourceTree = "<group>";
		};
		56DE073915610E77006DD960 /* Commands */ = {
			isa = PBXGroup;
			children = (
				56DE077815612A02006DD960 /* SBPlayerCommand.h */,
				56DE077915612A02006DD960 /* SBPlayerCommand.m */,
				56DE077A15612A02006DD960 /* SBUpdateNameCommand.h */,
				56DE077B15612A02006DD960 /* SBUpdateNameCommand.m */,
				56DE07631561200A006DD960 /* SBCommand.h */,
				56DE07641561200A006DD960 /* SBNetworkConnection.h */,
				56DE07651561200A006DD960 /* SBNetworkConnection.m */,
				56DE078015612F6F006DD960 /* SBServerCommand.h */,
				56DE078115612F6F006DD960 /* SBServerCommand.m */,
				56DE078415613151006DD960 /* SBServerSettingsCommand.h */,
				56DE078515613151006DD960 /* SBServerSettingsCommand.m */,
				56DE0788156133BB006DD960 /* SBAllCommands.h */,
				56C82C511568FB8E0037281D /* SBFullUpdateCommand.h */,
				56C82C521568FB8E0037281D /* SBFullUpdateCommand.m */,
				56C82C561568FC9E0037281D /* SBPartialUpdate.h */,
				56C82C571568FC9E0037281D /* SBPartialUpdate.m */,
				56C82C5A1568FDAB0037281D /* SBPlayerReadyCommand.h */,
				56C82C5B1568FDAB0037281D /* SBPlayerReadyCommand.m */,
				56C82C5E1568FE8A0037281D /* SBErrorCommand.h */,
				56C82C5F1568FE8A0037281D /* SBErrorCommand.m */,
				56C82C661568FFD40037281D /* SBRenewGameFieldCommand.h */,
				56C82C671568FFD40037281D /* SBRenewGameFieldCommand.m */,
				56C82C6A1569005C0037281D /* SBReadyCommand.h */,
				56C82C6B1569005C0037281D /* SBReadyCommand.m */,
				56C82C6E156901960037281D /* SBPlayerShoot.h */,
				56C82C6F156901970037281D /* SBPlayerShoot.m */,
				56C82C7215690C230037281D /* SBWinCommand.h */,
				56C82C7315690C230037281D /* SBWinCommand.m */,
				56C82C7615690DF70037281D /* SBDisconnectCommand.h */,
				56C82C7715690DF70037281D /* SBDisconnectCommand.m */,
				56C82C7A156912480037281D /* SBPlayerFound.h */,
				56C82C7B156912480037281D /* SBPlayerFound.m */,
				56E3489D1573DCFB0038070F /* SBKeepAliveCommand.h */,
				56E3489E1573DCFB0038070F /* SBKeepAliveCommand.m */,
			);
			name = Commands;
			sourceTree = "<group>";
		};
		56DE074F15611F36006DD960 /* ViewController */ = {
			isa = PBXGroup;
			children = (
				74762F4C1574273200B88E68 /* SBPreferencesViewController.h */,
				74762F4D1574273200B88E68 /* SBPreferencesViewController.m */,
				74762F4E1574273300B88E68 /* SBPreferencesViewController.xib */,
				56DE075115611FF4006DD960 /* SBQueueViewController.h */,
				56DE075215611FF4006DD960 /* SBQueueViewController.m */,
				56DE075315611FF4006DD960 /* SBQueueViewController.xib */,
				56DE075415611FF4006DD960 /* SBViewController.h */,
				56DE075515611FF4006DD960 /* SBViewController.m */,
				56DE075615611FF4006DD960 /* SBViewController.xib */,
				56C82C7E15692C8D0037281D /* SBGameViewController.h */,
				56C82C7F15692C8D0037281D /* SBGameViewController.m */,
				56C82C8015692C8D0037281D /* SBGameViewController.xib */,
				56C82C8515692DF90037281D /* SBGameSetupViewController.h */,
				56C82C8615692DF90037281D /* SBGameSetupViewController.m */,
				56C82C8715692DF90037281D /* SBGameSetupViewController.xib */,
				56C82C96156939D40037281D /* SBGameFieldView.h */,
				56C82C97156939D50037281D /* SBGameFieldView.m */,
			);
			name = ViewController;
			sourceTree = "<group>";
		};
		56DE075015611F5A006DD960 /* Models */ = {
			isa = PBXGroup;
			children = (
				56DE0774156129F6006DD960 /* SBGame.h */,
				56DE0775156129F6006DD960 /* SBGame.m */,
				56DE075F15612000006DD960 /* SBPlayer.h */,
				56DE076015612000006DD960 /* SBPlayer.m */,
				56DE07891561745D006DD960 /* SBPlayField.h */,
				56DE078A1561745D006DD960 /* SBPlayField.m */,
			);
			name = Models;
			sourceTree = "<group>";
		};
/* End PBXGroup section */

/* Begin PBXNativeTarget section */
		56ADA50415510F0B0071461C /* Seabattle */ = {
			isa = PBXNativeTarget;
			buildConfigurationList = 56ADA53815510F0C0071461C /* Build configuration list for PBXNativeTarget "Seabattle" */;
			buildPhases = (
				56ADA50115510F0B0071461C /* Sources */,
				56ADA50215510F0B0071461C /* Frameworks */,
				56ADA50315510F0B0071461C /* Resources */,
			);
			buildRules = (
			);
			dependencies = (
			);
			name = Seabattle;
			productName = Seabattle;
			productReference = 56ADA50515510F0B0071461C /* Seabattle.app */;
			productType = "com.apple.product-type.application";
		};
		56ADA52515510F0C0071461C /* SeabattleTests */ = {
			isa = PBXNativeTarget;
			buildConfigurationList = 56ADA53B15510F0C0071461C /* Build configuration list for PBXNativeTarget "SeabattleTests" */;
			buildPhases = (
				56ADA52115510F0C0071461C /* Sources */,
				56ADA52215510F0C0071461C /* Frameworks */,
				56ADA52315510F0C0071461C /* Resources */,
				56ADA52415510F0C0071461C /* ShellScript */,
			);
			buildRules = (
			);
			dependencies = (
				56ADA52C15510F0C0071461C /* PBXTargetDependency */,
			);
			name = SeabattleTests;
			productName = SeabattleTests;
			productReference = 56ADA52615510F0C0071461C /* SeabattleTests.octest */;
			productType = "com.apple.product-type.bundle";
		};
/* End PBXNativeTarget section */

/* Begin PBXProject section */
		56ADA4FC15510F0B0071461C /* Project object */ = {
			isa = PBXProject;
			attributes = {
				CLASSPREFIX = SB;
				LastUpgradeCheck = 0430;
			};
			buildConfigurationList = 56ADA4FF15510F0B0071461C /* Build configuration list for PBXProject "Seabattle" */;
			compatibilityVersion = "Xcode 3.2";
			developmentRegion = English;
			hasScannedForEncodings = 0;
			knownRegions = (
				en,
				de,
			);
			mainGroup = 56ADA4FA15510F0B0071461C;
			productRefGroup = 56ADA50615510F0B0071461C /* Products */;
			projectDirPath = "";
			projectRoot = "";
			targets = (
				56ADA50415510F0B0071461C /* Seabattle */,
				56ADA52515510F0C0071461C /* SeabattleTests */,
			);
		};
/* End PBXProject section */

/* Begin PBXResourcesBuildPhase section */
		56ADA50315510F0B0071461C /* Resources */ = {
			isa = PBXResourcesBuildPhase;
			buildActionMask = 2147483647;
			files = (
				56ADA51415510F0B0071461C /* InfoPlist.strings in Resources */,
				56DE075915611FF4006DD960 /* SBQueueViewController.xib in Resources */,
				56DE075D15611FF4006DD960 /* SBViewController.xib in Resources */,
				56C82C8315692C8D0037281D /* SBGameViewController.xib in Resources */,
				56C82C8A15692DF90037281D /* SBGameSetupViewController.xib in Resources */,
				56E348941573DAAB0038070F /* Localizable.strings in Resources */,
				74762F501574273300B88E68 /* SBPreferencesViewController.xib in Resources */,
			);
			runOnlyForDeploymentPostprocessing = 0;
		};
		56ADA52315510F0C0071461C /* Resources */ = {
			isa = PBXResourcesBuildPhase;
			buildActionMask = 2147483647;
			files = (
				56ADA53215510F0C0071461C /* InfoPlist.strings in Resources */,
				56DE075A15611FF4006DD960 /* SBQueueViewController.xib in Resources */,
				56DE075E15611FF4006DD960 /* SBViewController.xib in Resources */,
				56C82C8415692C8D0037281D /* SBGameViewController.xib in Resources */,
				56C82C8B15692DF90037281D /* SBGameSetupViewController.xib in Resources */,
				56E348951573DAAB0038070F /* Localizable.strings in Resources */,
			);
			runOnlyForDeploymentPostprocessing = 0;
		};
/* End PBXResourcesBuildPhase section */

/* Begin PBXShellScriptBuildPhase section */
		56ADA52415510F0C0071461C /* ShellScript */ = {
			isa = PBXShellScriptBuildPhase;
			buildActionMask = 2147483647;
			files = (
			);
			inputPaths = (
			);
			outputPaths = (
			);
			runOnlyForDeploymentPostprocessing = 0;
			shellPath = /bin/sh;
			shellScript = "# Run the unit tests in this test bundle.\n\"${SYSTEM_DEVELOPER_DIR}/Tools/RunUnitTests\"\n";
		};
/* End PBXShellScriptBuildPhase section */

/* Begin PBXSourcesBuildPhase section */
		56ADA50115510F0B0071461C /* Sources */ = {
			isa = PBXSourcesBuildPhase;
			buildActionMask = 2147483647;
			files = (
				56ADA51615510F0B0071461C /* main.m in Sources */,
				56ADA51A15510F0B0071461C /* SBAppDelegate.m in Sources */,
				56DE075715611FF4006DD960 /* SBQueueViewController.m in Sources */,
				56DE075B15611FF4006DD960 /* SBViewController.m in Sources */,
				56DE076115612000006DD960 /* SBPlayer.m in Sources */,
				56DE07661561200A006DD960 /* SBNetworkConnection.m in Sources */,
				56DE0776156129F6006DD960 /* SBGame.m in Sources */,
				56DE077C15612A02006DD960 /* SBPlayerCommand.m in Sources */,
				56DE077E15612A02006DD960 /* SBUpdateNameCommand.m in Sources */,
				56DE078215612F6F006DD960 /* SBServerCommand.m in Sources */,
				56DE078615613151006DD960 /* SBServerSettingsCommand.m in Sources */,
				56DE078B1561745D006DD960 /* SBPlayField.m in Sources */,
				56C82C531568FB8E0037281D /* SBFullUpdateCommand.m in Sources */,
				56C82C581568FC9E0037281D /* SBPartialUpdate.m in Sources */,
				56C82C5C1568FDAB0037281D /* SBPlayerReadyCommand.m in Sources */,
				56C82C601568FE8A0037281D /* SBErrorCommand.m in Sources */,
				56C82C681568FFD40037281D /* SBRenewGameFieldCommand.m in Sources */,
				56C82C6C1569005C0037281D /* SBReadyCommand.m in Sources */,
				56C82C70156901970037281D /* SBPlayerShoot.m in Sources */,
				56C82C7415690C240037281D /* SBWinCommand.m in Sources */,
				56C82C7815690DF70037281D /* SBDisconnectCommand.m in Sources */,
				56C82C7C156912490037281D /* SBPlayerFound.m in Sources */,
				56C82C8115692C8D0037281D /* SBGameViewController.m in Sources */,
				56C82C8815692DF90037281D /* SBGameSetupViewController.m in Sources */,
				56C82C98156939D50037281D /* SBGameFieldView.m in Sources */,
				56E3489F1573DCFB0038070F /* SBKeepAliveCommand.m in Sources */,
				74762F4F1574273300B88E68 /* SBPreferencesViewController.m in Sources */,
			);
			runOnlyForDeploymentPostprocessing = 0;
		};
		56ADA52115510F0C0071461C /* Sources */ = {
			isa = PBXSourcesBuildPhase;
			buildActionMask = 2147483647;
			files = (
				56ADA53515510F0C0071461C /* SeabattleTests.m in Sources */,
				56DE075815611FF4006DD960 /* SBQueueViewController.m in Sources */,
				56DE075C15611FF4006DD960 /* SBViewController.m in Sources */,
				56DE076215612000006DD960 /* SBPlayer.m in Sources */,
				56DE07671561200A006DD960 /* SBNetworkConnection.m in Sources */,
				56DE0777156129F6006DD960 /* SBGame.m in Sources */,
				56DE077D15612A02006DD960 /* SBPlayerCommand.m in Sources */,
				56DE077F15612A02006DD960 /* SBUpdateNameCommand.m in Sources */,
				56DE078315612F6F006DD960 /* SBServerCommand.m in Sources */,
				56DE078715613151006DD960 /* SBServerSettingsCommand.m in Sources */,
				56DE078C1561745D006DD960 /* SBPlayField.m in Sources */,
				56C82C541568FB8E0037281D /* SBFullUpdateCommand.m in Sources */,
				56C82C591568FC9E0037281D /* SBPartialUpdate.m in Sources */,
				56C82C5D1568FDAB0037281D /* SBPlayerReadyCommand.m in Sources */,
				56C82C611568FE8A0037281D /* SBErrorCommand.m in Sources */,
				56C82C691568FFD40037281D /* SBRenewGameFieldCommand.m in Sources */,
				56C82C6D1569005C0037281D /* SBReadyCommand.m in Sources */,
				56C82C71156901970037281D /* SBPlayerShoot.m in Sources */,
				56C82C7515690C240037281D /* SBWinCommand.m in Sources */,
				56C82C7915690DF70037281D /* SBDisconnectCommand.m in Sources */,
				56C82C7D156912490037281D /* SBPlayerFound.m in Sources */,
				56C82C8215692C8D0037281D /* SBGameViewController.m in Sources */,
				56C82C8915692DF90037281D /* SBGameSetupViewController.m in Sources */,
				56C82C99156939D50037281D /* SBGameFieldView.m in Sources */,
			);
			runOnlyForDeploymentPostprocessing = 0;
		};
/* End PBXSourcesBuildPhase section */

/* Begin PBXTargetDependency section */
		56ADA52C15510F0C0071461C /* PBXTargetDependency */ = {
			isa = PBXTargetDependency;
			target = 56ADA50415510F0B0071461C /* Seabattle */;
			targetProxy = 56ADA52B15510F0C0071461C /* PBXContainerItemProxy */;
		};
/* End PBXTargetDependency section */

/* Begin PBXVariantGroup section */
		56ADA51215510F0B0071461C /* InfoPlist.strings */ = {
			isa = PBXVariantGroup;
			children = (
				56ADA51315510F0B0071461C /* en */,
			);
			name = InfoPlist.strings;
			sourceTree = "<group>";
		};
		56ADA53015510F0C0071461C /* InfoPlist.strings */ = {
			isa = PBXVariantGroup;
			children = (
				56ADA53115510F0C0071461C /* en */,
			);
			name = InfoPlist.strings;
			sourceTree = "<group>";
		};
		56E348971573DAAB0038070F /* Localizable.strings */ = {
			isa = PBXVariantGroup;
			children = (
				56E348961573DAAB0038070F /* en */,
				56E348981573DAD80038070F /* de */,
			);
			name = Localizable.strings;
			sourceTree = "<group>";
		};
/* End PBXVariantGroup section */

/* Begin XCBuildConfiguration section */
		56ADA53615510F0C0071461C /* Debug */ = {
			isa = XCBuildConfiguration;
			buildSettings = {
				ALWAYS_SEARCH_USER_PATHS = NO;
				ARCHS = "$(ARCHS_STANDARD_32_BIT)";
				CLANG_ENABLE_OBJC_ARC = YES;
				"CODE_SIGN_IDENTITY[sdk=iphoneos*]" = "iPhone Developer";
				COPY_PHASE_STRIP = NO;
				GCC_C_LANGUAGE_STANDARD = gnu99;
				GCC_DYNAMIC_NO_PIC = NO;
				GCC_OPTIMIZATION_LEVEL = 0;
				GCC_PREPROCESSOR_DEFINITIONS = (
					"DEBUG=1",
					"$(inherited)",
				);
				GCC_SYMBOLS_PRIVATE_EXTERN = NO;
				GCC_VERSION = com.apple.compilers.llvm.clang.1_0;
				GCC_WARN_ABOUT_RETURN_TYPE = YES;
				GCC_WARN_UNINITIALIZED_AUTOS = YES;
				GCC_WARN_UNUSED_VARIABLE = YES;
				IPHONEOS_DEPLOYMENT_TARGET = 5.1;
				SDKROOT = iphoneos;
			};
			name = Debug;
		};
		56ADA53715510F0C0071461C /* Release */ = {
			isa = XCBuildConfiguration;
			buildSettings = {
				ALWAYS_SEARCH_USER_PATHS = NO;
				ARCHS = "$(ARCHS_STANDARD_32_BIT)";
				CLANG_ENABLE_OBJC_ARC = YES;
				"CODE_SIGN_IDENTITY[sdk=iphoneos*]" = "iPhone Developer";
				COPY_PHASE_STRIP = YES;
				GCC_C_LANGUAGE_STANDARD = gnu99;
				GCC_VERSION = com.apple.compilers.llvm.clang.1_0;
				GCC_WARN_ABOUT_RETURN_TYPE = YES;
				GCC_WARN_UNINITIALIZED_AUTOS = YES;
				GCC_WARN_UNUSED_VARIABLE = YES;
				IPHONEOS_DEPLOYMENT_TARGET = 5.1;
				OTHER_CFLAGS = "-DNS_BLOCK_ASSERTIONS=1";
				SDKROOT = iphoneos;
				VALIDATE_PRODUCT = YES;
			};
			name = Release;
		};
		56ADA53915510F0C0071461C /* Debug */ = {
			isa = XCBuildConfiguration;
			buildSettings = {
				GCC_PRECOMPILE_PREFIX_HEADER = YES;
				GCC_PREFIX_HEADER = "Seabattle/Seabattle-Prefix.pch";
				INFOPLIST_FILE = "Seabattle/Seabattle-Info.plist";
				PRODUCT_NAME = "$(TARGET_NAME)";
				WRAPPER_EXTENSION = app;
			};
			name = Debug;
		};
		56ADA53A15510F0C0071461C /* Release */ = {
			isa = XCBuildConfiguration;
			buildSettings = {
				GCC_PRECOMPILE_PREFIX_HEADER = YES;
				GCC_PREFIX_HEADER = "Seabattle/Seabattle-Prefix.pch";
				INFOPLIST_FILE = "Seabattle/Seabattle-Info.plist";
				PRODUCT_NAME = "$(TARGET_NAME)";
				WRAPPER_EXTENSION = app;
			};
			name = Release;
		};
		56ADA53C15510F0C0071461C /* Debug */ = {
			isa = XCBuildConfiguration;
			buildSettings = {
				BUNDLE_LOADER = "$(BUILT_PRODUCTS_DIR)/Seabattle.app/Seabattle";
				FRAMEWORK_SEARCH_PATHS = (
					"$(SDKROOT)/Developer/Library/Frameworks",
					"$(DEVELOPER_LIBRARY_DIR)/Frameworks",
				);
				GCC_PRECOMPILE_PREFIX_HEADER = YES;
				GCC_PREFIX_HEADER = "Seabattle/Seabattle-Prefix.pch";
				INFOPLIST_FILE = "SeabattleTests/SeabattleTests-Info.plist";
				PRODUCT_NAME = "$(TARGET_NAME)";
				TEST_HOST = "$(BUNDLE_LOADER)";
				WRAPPER_EXTENSION = octest;
			};
			name = Debug;
		};
		56ADA53D15510F0C0071461C /* Release */ = {
			isa = XCBuildConfiguration;
			buildSettings = {
				BUNDLE_LOADER = "$(BUILT_PRODUCTS_DIR)/Seabattle.app/Seabattle";
				FRAMEWORK_SEARCH_PATHS = (
					"$(SDKROOT)/Developer/Library/Frameworks",
					"$(DEVELOPER_LIBRARY_DIR)/Frameworks",
				);
				GCC_PRECOMPILE_PREFIX_HEADER = YES;
				GCC_PREFIX_HEADER = "Seabattle/Seabattle-Prefix.pch";
				INFOPLIST_FILE = "SeabattleTests/SeabattleTests-Info.plist";
				PRODUCT_NAME = "$(TARGET_NAME)";
				TEST_HOST = "$(BUNDLE_LOADER)";
				WRAPPER_EXTENSION = octest;
			};
			name = Release;
		};
/* End XCBuildConfiguration section */

/* Begin XCConfigurationList section */
		56ADA4FF15510F0B0071461C /* Build configuration list for PBXProject "Seabattle" */ = {
			isa = XCConfigurationList;
			buildConfigurations = (
				56ADA53615510F0C0071461C /* Debug */,
				56ADA53715510F0C0071461C /* Release */,
			);
			defaultConfigurationIsVisible = 0;
			defaultConfigurationName = Release;
		};
		56ADA53815510F0C0071461C /* Build configuration list for PBXNativeTarget "Seabattle" */ = {
			isa = XCConfigurationList;
			buildConfigurations = (
				56ADA53915510F0C0071461C /* Debug */,
				56ADA53A15510F0C0071461C /* Release */,
			);
			defaultConfigurationIsVisible = 0;
			defaultConfigurationName = Release;
		};
		56ADA53B15510F0C0071461C /* Build configuration list for PBXNativeTarget "SeabattleTests" */ = {
			isa = XCConfigurationList;
			buildConfigurations = (
				56ADA53C15510F0C0071461C /* Debug */,
				56ADA53D15510F0C0071461C /* Release */,
			);
			defaultConfigurationIsVisible = 0;
			defaultConfigurationName = Release;
		};
/* End XCConfigurationList section */
	};
	rootObject = 56ADA4FC15510F0B0071461C /* Project object */;
}
